
Microsoft Visual Studio Solution File, Format Version 12.00
# Visual Studio Version 17
VisualStudioVersion = 17.11.35312.102
MinimumVisualStudioVersion = 10.0.40219.1
Project("{FAE04EC0-301F-11D3-BF4B-00C04F79EFBC}") = "Calculator App", "Calculator App.csproj", "{8FB797A6-AC6B-453F-9CA6-0551847DF2AB}"
EndProject
Global
	GlobalSection(SolutionConfigurationPlatforms) = preSolution
		Debug|Any CPU = Debug|Any CPU
		Release|Any CPU = Release|Any CPU
	EndGlobalSection
	GlobalSection(ProjectConfigurationPlatforms) = postSolution
		{8FB797A6-AC6B-453F-9CA6-0551847DF2AB}.Debug|Any CPU.ActiveCfg = Debug|Any CPU
		{8FB797A6-AC6B-453F-9CA6-0551847DF2AB}.Debug|Any CPU.Build.0 = Debug|Any CPU
		{8FB797A6-AC6B-453F-9CA6-0551847DF2AB}.Release|Any CPU.ActiveCfg = Release|Any CPU
		{8FB797A6-AC6B-453F-9CA6-0551847DF2AB}.Release|Any CPU.Build.0 = Release|Any CPU
	EndGlobalSection
	GlobalSection(SolutionProperties) = preSolution
		HideSolutionNode = FALSE
	EndGlobalSection
	GlobalSection(ExtensibilityGlobals) = postSolution
		SolutionGuid = {66676872-6E15-49C2-8636-DEAC6B4F45D4}
	EndGlobalSection
EndGlobal
